
Microsoft Visual Studio Solution File, Format Version 12.00
# Visual Studio Version 16
VisualStudioVersion = 16.0.31729.503
MinimumVisualStudioVersion = 10.0.40219.1
Project("{FAE04EC0-301F-11D3-BF4B-00C04F79EFBC}") = "saucedemo_test", "saucedemo_test\saucedemo_test.csproj", "{97EDCA81-9652-4CD6-9566-E94A423F947D}"
EndProject
Global
	GlobalSection(SolutionConfigurationPlatforms) = preSolution
		Debug|Any CPU = Debug|Any CPU
		Release|Any CPU = Release|Any CPU
	EndGlobalSection
	GlobalSection(ProjectConfigurationPlatforms) = postSolution
		{97EDCA81-9652-4CD6-9566-E94A423F947D}.Debug|Any CPU.ActiveCfg = Debug|Any CPU
		{97EDCA81-9652-4CD6-9566-E94A423F947D}.Debug|Any CPU.Build.0 = Debug|Any CPU
		{97EDCA81-9652-4CD6-9566-E94A423F947D}.Release|Any CPU.ActiveCfg = Release|Any CPU
		{97EDCA81-9652-4CD6-9566-E94A423F947D}.Release|Any CPU.Build.0 = Release|Any CPU
	EndGlobalSection
	GlobalSection(SolutionProperties) = preSolution
		HideSolutionNode = FALSE
	EndGlobalSection
	GlobalSection(ExtensibilityGlobals) = postSolution
		SolutionGuid = {7CE4BAC3-AE49-41A4-9959-C25A756E9557}
	EndGlobalSection
EndGlobal
